
Microsoft Visual Studio Solution File, Format Version 12.00
# Visual Studio Version 16
VisualStudioVersion = 16.0.33130.400
MinimumVisualStudioVersion = 10.0.40219.1
Project("{FAE04EC0-301F-11D3-BF4B-00C04F79EFBC}") = "zad3_Politov", "zad3_Politov.csproj", "{B0C2F375-9279-497C-B1E5-5A2D127DAA1B}"
EndProject
Project("{FAE04EC0-301F-11D3-BF4B-00C04F79EFBC}") = "zad3_tests_Politov", "..\zad3_tests_Politov\zad3_tests_Politov.csproj", "{F22B2322-C4CA-4AB1-8411-B189D3552D58}"
EndProject
Global
	GlobalSection(SolutionConfigurationPlatforms) = preSolution
		Debug|Any CPU = Debug|Any CPU
		Release|Any CPU = Release|Any CPU
	EndGlobalSection
	GlobalSection(ProjectConfigurationPlatforms) = postSolution
		{B0C2F375-9279-497C-B1E5-5A2D127DAA1B}.Debug|Any CPU.ActiveCfg = Debug|Any CPU
		{B0C2F375-9279-497C-B1E5-5A2D127DAA1B}.Debug|Any CPU.Build.0 = Debug|Any CPU
		{B0C2F375-9279-497C-B1E5-5A2D127DAA1B}.Release|Any CPU.ActiveCfg = Release|Any CPU
		{B0C2F375-9279-497C-B1E5-5A2D127DAA1B}.Release|Any CPU.Build.0 = Release|Any CPU
		{F22B2322-C4CA-4AB1-8411-B189D3552D58}.Debug|Any CPU.ActiveCfg = Debug|Any CPU
		{F22B2322-C4CA-4AB1-8411-B189D3552D58}.Debug|Any CPU.Build.0 = Debug|Any CPU
		{F22B2322-C4CA-4AB1-8411-B189D3552D58}.Release|Any CPU.ActiveCfg = Release|Any CPU
		{F22B2322-C4CA-4AB1-8411-B189D3552D58}.Release|Any CPU.Build.0 = Release|Any CPU
	EndGlobalSection
	GlobalSection(SolutionProperties) = preSolution
		HideSolutionNode = FALSE
	EndGlobalSection
	GlobalSection(ExtensibilityGlobals) = postSolution
		SolutionGuid = {C58BDAAF-1584-4A06-8DC0-31C4F932D68E}
	EndGlobalSection
EndGlobal
